{
  "pins" : [
    {
      "identity" : "intercom-ios",
      "kind" : "remoteSourceControl",
      "location" : "https://github.com/intercom/intercom-ios.git",
      "state" : {
        "revision" : "35087f9a80d5aeb0fd3ac2cf94de1953897edbf6",
        "version" : "14.0.7"
      }
    }
  ],
  "version" : 2
}
