{
  "pins" : [
    {
      "identity" : "intercom-ios",
      "kind" : "remoteSourceControl",
      "location" : "https://github.com/intercom/intercom-ios.git",
      "state" : {
        "revision" : "f994f1f203ae7479381642b6d1c58ffe419ee0ea",
        "version" : "14.1.0"
      }
    }
  ],
  "version" : 2
}
