{
  "pins" : [
    {
      "identity" : "intercom-ios",
      "kind" : "remoteSourceControl",
      "location" : "https://github.com/intercom/intercom-ios.git",
      "state" : {
        "revision" : "247eebfdac0943316c1d5d6de798b60dd989f05b",
        "version" : "16.1.1"
      }
    }
  ],
  "version" : 2
}
